
Microsoft Visual Studio Solution File, Format Version 12.00
# Visual Studio Version 17
VisualStudioVersion = 17.13.35931.197
MinimumVisualStudioVersion = 10.0.40219.1
Project("{FAE04EC0-301F-11D3-BF4B-00C04F79EFBC}") = "LibraryManagementSystem.Business", "..\LibraryManagementSystem.Business\LibraryManagementSystem.Business.csproj", "{505C8961-D029-42EF-A8E4-1A53AE74589D}"
EndProject
Project("{FAE04EC0-301F-11D3-BF4B-00C04F79EFBC}") = "LibraryManagementSystem.DataAccess", "..\LibraryManagementSystem.DataAccess\LibraryManagementSystem.DataAccess.csproj", "{9FA3FAF0-280B-480D-B237-A86CEF59A9EE}"
EndProject
Project("{FAE04EC0-301F-11D3-BF4B-00C04F79EFBC}") = "LibraryManagementSystem.API", "..\LibraryManagementSystem.API\LibraryManagementSystem.API.csproj", "{FE7CA612-4A8B-2B61-E256-65FE8A3B3F00}"
EndProject
Global
	GlobalSection(SolutionConfigurationPlatforms) = preSolution
		Debug|Any CPU = Debug|Any CPU
		Release|Any CPU = Release|Any CPU
	EndGlobalSection
	GlobalSection(ProjectConfigurationPlatforms) = postSolution
		{505C8961-D029-42EF-A8E4-1A53AE74589D}.Debug|Any CPU.ActiveCfg = Debug|Any CPU
		{505C8961-D029-42EF-A8E4-1A53AE74589D}.Debug|Any CPU.Build.0 = Debug|Any CPU
		{505C8961-D029-42EF-A8E4-1A53AE74589D}.Release|Any CPU.ActiveCfg = Release|Any CPU
		{505C8961-D029-42EF-A8E4-1A53AE74589D}.Release|Any CPU.Build.0 = Release|Any CPU
		{9FA3FAF0-280B-480D-B237-A86CEF59A9EE}.Debug|Any CPU.ActiveCfg = Debug|Any CPU
		{9FA3FAF0-280B-480D-B237-A86CEF59A9EE}.Debug|Any CPU.Build.0 = Debug|Any CPU
		{9FA3FAF0-280B-480D-B237-A86CEF59A9EE}.Release|Any CPU.ActiveCfg = Release|Any CPU
		{9FA3FAF0-280B-480D-B237-A86CEF59A9EE}.Release|Any CPU.Build.0 = Release|Any CPU
		{FE7CA612-4A8B-2B61-E256-65FE8A3B3F00}.Debug|Any CPU.ActiveCfg = Debug|Any CPU
		{FE7CA612-4A8B-2B61-E256-65FE8A3B3F00}.Debug|Any CPU.Build.0 = Debug|Any CPU
		{FE7CA612-4A8B-2B61-E256-65FE8A3B3F00}.Release|Any CPU.ActiveCfg = Release|Any CPU
		{FE7CA612-4A8B-2B61-E256-65FE8A3B3F00}.Release|Any CPU.Build.0 = Release|Any CPU
	EndGlobalSection
	GlobalSection(SolutionProperties) = preSolution
		HideSolutionNode = FALSE
	EndGlobalSection
	GlobalSection(ExtensibilityGlobals) = postSolution
		SolutionGuid = {2C69E3E6-FF36-492E-B0BD-9618A5873EDA}
	EndGlobalSection
EndGlobal
